
Microsoft Visual Studio Solution File, Format Version 12.00
# Visual Studio Version 17
VisualStudioVersion = 17.8.34309.116
MinimumVisualStudioVersion = 10.0.40219.1
Project("{2150E333-8FDC-42A3-9474-1A3956D46DE8}") = "Basics", "Basics", "{B2C01B9B-534D-48DC-8CDB-FDC397CADC05}"
EndProject
Project("{9A19103F-16F7-4668-BE54-9A1E7A4F7556}") = "HelloWorld", "Basics\HelloWorld\HelloWorld.csproj", "{3C85CD26-3BDD-4F5B-9365-671400D4FFC6}"
EndProject
Project("{2150E333-8FDC-42A3-9474-1A3956D46DE8}") = "DataStructures", "DataStructures", "{29DD74BF-3924-48D8-84A1-85E312C5B317}"
EndProject
Project("{9A19103F-16F7-4668-BE54-9A1E7A4F7556}") = "Arrays", "DataStructures\Arrays\Arrays.csproj", "{5F2367FB-B6D5-4AA8-82EC-FBEC65747E2C}"
EndProject
Project("{9A19103F-16F7-4668-BE54-9A1E7A4F7556}") = "ProgramArgs", "DataStructures\ProgramArgs\ProgramArgs.csproj", "{D65C4A0F-E933-4F04-A0F7-9B85E4542EAD}"
EndProject
Project("{9A19103F-16F7-4668-BE54-9A1E7A4F7556}") = "ArrayInit", "DataStructures\ArrayInit\ArrayInit.csproj", "{274F1BC3-B84B-4661-BBA2-EFF11529FF90}"
EndProject
Project("{9A19103F-16F7-4668-BE54-9A1E7A4F7556}") = "Unsafe2", "DataStructures\Unsafe2\Unsafe2.csproj", "{DFC2679B-0CB1-42D7-98C7-1B981C73B2CE}"
EndProject
Project("{FAE04EC0-301F-11D3-BF4B-00C04F79EFBC}") = "2DArray", "DataStructures\2DArray\2DArray.csproj", "{117E0B48-2D93-4F7C-99BF-82EF2354CEB4}"
EndProject
Project("{FAE04EC0-301F-11D3-BF4B-00C04F79EFBC}") = "2DJaggedArray", "DataStructures\2DJaggedArray\2DJaggedArray.csproj", "{42EC1569-4AEB-48F9-AD35-EF586062CC3B}"
EndProject
Global
	GlobalSection(SolutionConfigurationPlatforms) = preSolution
		Debug|Any CPU = Debug|Any CPU
		Release|Any CPU = Release|Any CPU
	EndGlobalSection
	GlobalSection(ProjectConfigurationPlatforms) = postSolution
		{3C85CD26-3BDD-4F5B-9365-671400D4FFC6}.Debug|Any CPU.ActiveCfg = Debug|Any CPU
		{3C85CD26-3BDD-4F5B-9365-671400D4FFC6}.Debug|Any CPU.Build.0 = Debug|Any CPU
		{3C85CD26-3BDD-4F5B-9365-671400D4FFC6}.Release|Any CPU.ActiveCfg = Release|Any CPU
		{3C85CD26-3BDD-4F5B-9365-671400D4FFC6}.Release|Any CPU.Build.0 = Release|Any CPU
		{5F2367FB-B6D5-4AA8-82EC-FBEC65747E2C}.Debug|Any CPU.ActiveCfg = Debug|Any CPU
		{5F2367FB-B6D5-4AA8-82EC-FBEC65747E2C}.Debug|Any CPU.Build.0 = Debug|Any CPU
		{5F2367FB-B6D5-4AA8-82EC-FBEC65747E2C}.Release|Any CPU.ActiveCfg = Release|Any CPU
		{5F2367FB-B6D5-4AA8-82EC-FBEC65747E2C}.Release|Any CPU.Build.0 = Release|Any CPU
		{D65C4A0F-E933-4F04-A0F7-9B85E4542EAD}.Debug|Any CPU.ActiveCfg = Debug|Any CPU
		{D65C4A0F-E933-4F04-A0F7-9B85E4542EAD}.Debug|Any CPU.Build.0 = Debug|Any CPU
		{D65C4A0F-E933-4F04-A0F7-9B85E4542EAD}.Release|Any CPU.ActiveCfg = Release|Any CPU
		{D65C4A0F-E933-4F04-A0F7-9B85E4542EAD}.Release|Any CPU.Build.0 = Release|Any CPU
		{274F1BC3-B84B-4661-BBA2-EFF11529FF90}.Debug|Any CPU.ActiveCfg = Debug|Any CPU
		{274F1BC3-B84B-4661-BBA2-EFF11529FF90}.Debug|Any CPU.Build.0 = Debug|Any CPU
		{274F1BC3-B84B-4661-BBA2-EFF11529FF90}.Release|Any CPU.ActiveCfg = Release|Any CPU
		{274F1BC3-B84B-4661-BBA2-EFF11529FF90}.Release|Any CPU.Build.0 = Release|Any CPU
		{DFC2679B-0CB1-42D7-98C7-1B981C73B2CE}.Debug|Any CPU.ActiveCfg = Debug|Any CPU
		{DFC2679B-0CB1-42D7-98C7-1B981C73B2CE}.Debug|Any CPU.Build.0 = Debug|Any CPU
		{DFC2679B-0CB1-42D7-98C7-1B981C73B2CE}.Release|Any CPU.ActiveCfg = Release|Any CPU
		{DFC2679B-0CB1-42D7-98C7-1B981C73B2CE}.Release|Any CPU.Build.0 = Release|Any CPU
		{117E0B48-2D93-4F7C-99BF-82EF2354CEB4}.Debug|Any CPU.ActiveCfg = Debug|Any CPU
		{117E0B48-2D93-4F7C-99BF-82EF2354CEB4}.Debug|Any CPU.Build.0 = Debug|Any CPU
		{117E0B48-2D93-4F7C-99BF-82EF2354CEB4}.Release|Any CPU.ActiveCfg = Release|Any CPU
		{117E0B48-2D93-4F7C-99BF-82EF2354CEB4}.Release|Any CPU.Build.0 = Release|Any CPU
		{42EC1569-4AEB-48F9-AD35-EF586062CC3B}.Debug|Any CPU.ActiveCfg = Debug|Any CPU
		{42EC1569-4AEB-48F9-AD35-EF586062CC3B}.Debug|Any CPU.Build.0 = Debug|Any CPU
		{42EC1569-4AEB-48F9-AD35-EF586062CC3B}.Release|Any CPU.ActiveCfg = Release|Any CPU
		{42EC1569-4AEB-48F9-AD35-EF586062CC3B}.Release|Any CPU.Build.0 = Release|Any CPU
	EndGlobalSection
	GlobalSection(SolutionProperties) = preSolution
		HideSolutionNode = FALSE
	EndGlobalSection
	GlobalSection(NestedProjects) = preSolution
		{3C85CD26-3BDD-4F5B-9365-671400D4FFC6} = {B2C01B9B-534D-48DC-8CDB-FDC397CADC05}
		{5F2367FB-B6D5-4AA8-82EC-FBEC65747E2C} = {29DD74BF-3924-48D8-84A1-85E312C5B317}
		{D65C4A0F-E933-4F04-A0F7-9B85E4542EAD} = {29DD74BF-3924-48D8-84A1-85E312C5B317}
		{274F1BC3-B84B-4661-BBA2-EFF11529FF90} = {29DD74BF-3924-48D8-84A1-85E312C5B317}
		{DFC2679B-0CB1-42D7-98C7-1B981C73B2CE} = {29DD74BF-3924-48D8-84A1-85E312C5B317}
		{117E0B48-2D93-4F7C-99BF-82EF2354CEB4} = {29DD74BF-3924-48D8-84A1-85E312C5B317}
		{42EC1569-4AEB-48F9-AD35-EF586062CC3B} = {29DD74BF-3924-48D8-84A1-85E312C5B317}
	EndGlobalSection
	GlobalSection(ExtensibilityGlobals) = postSolution
		SolutionGuid = {6EC5691F-8194-4CDB-BAFF-D61110515819}
	EndGlobalSection
EndGlobal
